// !$*UTF8*$!
{
	archiveVersion = 1;
	classes = {
	};
	objectVersion = 50;
	objects = {

/* Begin PBXBuildFile section */
		88592D5221D924A800FA40DF /* AppDelegate.swift in Sources */ = {isa = PBXBuildFile; fileRef = 88592D5121D924A800FA40DF /* AppDelegate.swift */; };
		88592D5721D924A800FA40DF /* Main.storyboard in Resources */ = {isa = PBXBuildFile; fileRef = 88592D5521D924A800FA40DF /* Main.storyboard */; };
		88592D5921D924A800FA40DF /* Assets.xcassets in Resources */ = {isa = PBXBuildFile; fileRef = 88592D5821D924A800FA40DF /* Assets.xcassets */; };
		88592D5C21D924A800FA40DF /* LaunchScreen.storyboard in Resources */ = {isa = PBXBuildFile; fileRef = 88592D5A21D924A800FA40DF /* LaunchScreen.storyboard */; };
		88592D7221D924A800FA40DF /* PostsUITests.swift in Sources */ = {isa = PBXBuildFile; fileRef = 88592D7121D924A800FA40DF /* PostsUITests.swift */; };
		88592D8321D9255E00FA40DF /* Post.swift in Sources */ = {isa = PBXBuildFile; fileRef = 88592D8221D9255E00FA40DF /* Post.swift */; };
		88592D8521D9260900FA40DF /* LoadPostsUseCase.swift in Sources */ = {isa = PBXBuildFile; fileRef = 88592D8421D9260900FA40DF /* LoadPostsUseCase.swift */; };
		88592D8C21D92C6900FA40DF /* RxCocoa.framework in Frameworks */ = {isa = PBXBuildFile; fileRef = 88592D8721D92C6800FA40DF /* RxCocoa.framework */; };
		88592D8D21D92C6900FA40DF /* Realm.framework in Frameworks */ = {isa = PBXBuildFile; fileRef = 88592D8821D92C6800FA40DF /* Realm.framework */; };
		88592D8E21D92C6900FA40DF /* RxRealm.framework in Frameworks */ = {isa = PBXBuildFile; fileRef = 88592D8921D92C6800FA40DF /* RxRealm.framework */; };
		88592D8F21D92C6900FA40DF /* RealmSwift.framework in Frameworks */ = {isa = PBXBuildFile; fileRef = 88592D8A21D92C6800FA40DF /* RealmSwift.framework */; };
		88592D9021D92C6900FA40DF /* RxSwift.framework in Frameworks */ = {isa = PBXBuildFile; fileRef = 88592D8B21D92C6800FA40DF /* RxSwift.framework */; };
		88592D9521D930AA00FA40DF /* PostsNetwork.swift in Sources */ = {isa = PBXBuildFile; fileRef = 88592D9421D930AA00FA40DF /* PostsNetwork.swift */; };
		88592D9B21D936B200FA40DF /* NetworkSettings.swift in Sources */ = {isa = PBXBuildFile; fileRef = 88592D9A21D936B200FA40DF /* NetworkSettings.swift */; };
		88592D9D21D940A600FA40DF /* PostsRepository.swift in Sources */ = {isa = PBXBuildFile; fileRef = 88592D9C21D940A600FA40DF /* PostsRepository.swift */; };
		88592DA021D9429D00FA40DF /* RMPost.swift in Sources */ = {isa = PBXBuildFile; fileRef = 88592D9F21D9429D00FA40DF /* RMPost.swift */; };
		88592DA221D9438000FA40DF /* Repository.swift in Sources */ = {isa = PBXBuildFile; fileRef = 88592DA121D9438000FA40DF /* Repository.swift */; };
		88592DA621D9481000FA40DF /* Network.swift in Sources */ = {isa = PBXBuildFile; fileRef = 88592DA521D9481000FA40DF /* Network.swift */; };
		88592DA821D953EE00FA40DF /* LoadPostsUseCaseTests.swift in Sources */ = {isa = PBXBuildFile; fileRef = 88592DA721D953EE00FA40DF /* LoadPostsUseCaseTests.swift */; };
		88592DB921D9690F00FA40DF /* RxBlocking.framework in Frameworks */ = {isa = PBXBuildFile; fileRef = 88592DB721D9690500FA40DF /* RxBlocking.framework */; };
		88592DBB21D9700A00FA40DF /* TestData.swift in Sources */ = {isa = PBXBuildFile; fileRef = 88592DBA21D9700A00FA40DF /* TestData.swift */; };
		88592DBD21D970F700FA40DF /* MockNetwork.swift in Sources */ = {isa = PBXBuildFile; fileRef = 88592DBC21D970F700FA40DF /* MockNetwork.swift */; };
		88592DBF21D9727B00FA40DF /* posts.json in Resources */ = {isa = PBXBuildFile; fileRef = 88592DBE21D9727A00FA40DF /* posts.json */; };
		88592DC021D9735400FA40DF /* posts.json in Resources */ = {isa = PBXBuildFile; fileRef = 88592DBE21D9727A00FA40DF /* posts.json */; };
		88EBEBD021DA38A100F4B3AD /* AppCoordinator.swift in Sources */ = {isa = PBXBuildFile; fileRef = 88EBEBCF21DA38A100F4B3AD /* AppCoordinator.swift */; };
		88EBEBD521DA3A5D00F4B3AD /* BaseCoordinator.swift in Sources */ = {isa = PBXBuildFile; fileRef = 88EBEBD421DA3A5D00F4B3AD /* BaseCoordinator.swift */; };
		88EBEBD721DA3A6500F4B3AD /* StoryboardInitializable.swift in Sources */ = {isa = PBXBuildFile; fileRef = 88EBEBD621DA3A6500F4B3AD /* StoryboardInitializable.swift */; };
		88EBEBD921DA3C3700F4B3AD /* PostsListCoordinator.swift in Sources */ = {isa = PBXBuildFile; fileRef = 88EBEBD821DA3C3700F4B3AD /* PostsListCoordinator.swift */; };
		88EBEBDB21DA3C9500F4B3AD /* PostsListViewController.swift in Sources */ = {isa = PBXBuildFile; fileRef = 88EBEBDA21DA3C9500F4B3AD /* PostsListViewController.swift */; };
		88EBEBDD21DA3CB500F4B3AD /* PostsListViewModel.swift in Sources */ = {isa = PBXBuildFile; fileRef = 88EBEBDC21DA3CB500F4B3AD /* PostsListViewModel.swift */; };
		88EBEBDF21DA3CC000F4B3AD /* PostViewData.swift in Sources */ = {isa = PBXBuildFile; fileRef = 88EBEBDE21DA3CC000F4B3AD /* PostViewData.swift */; };
		88EBEBE121DA408000F4B3AD /* ListPostsUseCase.swift in Sources */ = {isa = PBXBuildFile; fileRef = 88EBEBE021DA408000F4B3AD /* ListPostsUseCase.swift */; };
		88EBEBE421DA6F9700F4B3AD /* PostsLoader.swift in Sources */ = {isa = PBXBuildFile; fileRef = 88EBEBE321DA6F9700F4B3AD /* PostsLoader.swift */; };
		88EBEBE621DA938800F4B3AD /* ListPostsUseCaseTests.swift in Sources */ = {isa = PBXBuildFile; fileRef = 88EBEBE521DA938800F4B3AD /* ListPostsUseCaseTests.swift */; };
		88EBEBE821DB575D00F4B3AD /* ErrorHandler.swift in Sources */ = {isa = PBXBuildFile; fileRef = 88EBEBE721DB575D00F4B3AD /* ErrorHandler.swift */; };
		88EBEBEA21DB81EE00F4B3AD /* Comment.swift in Sources */ = {isa = PBXBuildFile; fileRef = 88EBEBE921DB81EE00F4B3AD /* Comment.swift */; };
		88EBEBEC21DB81FD00F4B3AD /* User.swift in Sources */ = {isa = PBXBuildFile; fileRef = 88EBEBEB21DB81FD00F4B3AD /* User.swift */; };
		88EBEBEE21DB825700F4B3AD /* RMComment.swift in Sources */ = {isa = PBXBuildFile; fileRef = 88EBEBED21DB825700F4B3AD /* RMComment.swift */; };
		88EBEBF021DB826400F4B3AD /* RMUser.swift in Sources */ = {isa = PBXBuildFile; fileRef = 88EBEBEF21DB826400F4B3AD /* RMUser.swift */; };
		88EBEBF421DB84A900F4B3AD /* PostDetailViewController.swift in Sources */ = {isa = PBXBuildFile; fileRef = 88EBEBF321DB84A900F4B3AD /* PostDetailViewController.swift */; };
		88EBEBF621DB84C600F4B3AD /* PostDetailViewModel.swift in Sources */ = {isa = PBXBuildFile; fileRef = 88EBEBF521DB84C600F4B3AD /* PostDetailViewModel.swift */; };
		88EBEBF821DB84D400F4B3AD /* PostDetailViewData.swift in Sources */ = {isa = PBXBuildFile; fileRef = 88EBEBF721DB84D400F4B3AD /* PostDetailViewData.swift */; };
		88EBEBFA21DB865D00F4B3AD /* ShowPostDetailUseCase.swift in Sources */ = {isa = PBXBuildFile; fileRef = 88EBEBF921DB865D00F4B3AD /* ShowPostDetailUseCase.swift */; };
		88EBEC3621DBB10800F4B3AD /* PostDetailCoordinator.swift in Sources */ = {isa = PBXBuildFile; fileRef = 88EBEC3521DBB10800F4B3AD /* PostDetailCoordinator.swift */; };
		88EBEC3821DBCAE100F4B3AD /* ShowPostDetailsUseCaseTests.swift in Sources */ = {isa = PBXBuildFile; fileRef = 88EBEC3721DBCAE100F4B3AD /* ShowPostDetailsUseCaseTests.swift */; };
		88EBEC3A21DBCEFA00F4B3AD /* comments.json in Resources */ = {isa = PBXBuildFile; fileRef = 88EBEC3921DBCEFA00F4B3AD /* comments.json */; };
		88EBEC3C21DBCF0300F4B3AD /* users.json in Resources */ = {isa = PBXBuildFile; fileRef = 88EBEC3B21DBCF0300F4B3AD /* users.json */; };
		88EBEC3D21DBCFC500F4B3AD /* users.json in Resources */ = {isa = PBXBuildFile; fileRef = 88EBEC3B21DBCF0300F4B3AD /* users.json */; };
		88EBEC3E21DBCFC700F4B3AD /* comments.json in Resources */ = {isa = PBXBuildFile; fileRef = 88EBEC3921DBCEFA00F4B3AD /* comments.json */; };
		88EBEC4021DBF1CE00F4B3AD /* Notifications.swift in Sources */ = {isa = PBXBuildFile; fileRef = 88EBEC3F21DBF1CE00F4B3AD /* Notifications.swift */; };
/* End PBXBuildFile section */

/* Begin PBXContainerItemProxy section */
		88592D6321D924A800FA40DF /* PBXContainerItemProxy */ = {
			isa = PBXContainerItemProxy;
			containerPortal = 88592D4621D924A800FA40DF /* Project object */;
			proxyType = 1;
			remoteGlobalIDString = 88592D4D21D924A800FA40DF;
			remoteInfo = Posts;
		};
		88592D6E21D924A800FA40DF /* PBXContainerItemProxy */ = {
			isa = PBXContainerItemProxy;
			containerPortal = 88592D4621D924A800FA40DF /* Project object */;
			proxyType = 1;
			remoteGlobalIDString = 88592D4D21D924A800FA40DF;
			remoteInfo = Posts;
		};
/* End PBXContainerItemProxy section */

/* Begin PBXFileReference section */
		88592D4E21D924A800FA40DF /* Posts.app */ = {isa = PBXFileReference; explicitFileType = wrapper.application; includeInIndex = 0; path = Posts.app; sourceTree = BUILT_PRODUCTS_DIR; };
		88592D5121D924A800FA40DF /* AppDelegate.swift */ = {isa = PBXFileReference; lastKnownFileType = sourcecode.swift; path = AppDelegate.swift; sourceTree = "<group>"; };
		88592D5621D924A800FA40DF /* Base */ = {isa = PBXFileReference; lastKnownFileType = file.storyboard; name = Base; path = Base.lproj/Main.storyboard; sourceTree = "<group>"; };
		88592D5821D924A800FA40DF /* Assets.xcassets */ = {isa = PBXFileReference; lastKnownFileType = folder.assetcatalog; path = Assets.xcassets; sourceTree = "<group>"; };
		88592D5B21D924A800FA40DF /* Base */ = {isa = PBXFileReference; lastKnownFileType = file.storyboard; name = Base; path = Base.lproj/LaunchScreen.storyboard; sourceTree = "<group>"; };
		88592D5D21D924A800FA40DF /* Info.plist */ = {isa = PBXFileReference; lastKnownFileType = text.plist.xml; path = Info.plist; sourceTree = "<group>"; };
		88592D6221D924A800FA40DF /* PostsTests.xctest */ = {isa = PBXFileReference; explicitFileType = wrapper.cfbundle; includeInIndex = 0; path = PostsTests.xctest; sourceTree = BUILT_PRODUCTS_DIR; };
		88592D6821D924A800FA40DF /* Info.plist */ = {isa = PBXFileReference; lastKnownFileType = text.plist.xml; path = Info.plist; sourceTree = "<group>"; };
		88592D6D21D924A800FA40DF /* PostsUITests.xctest */ = {isa = PBXFileReference; explicitFileType = wrapper.cfbundle; includeInIndex = 0; path = PostsUITests.xctest; sourceTree = BUILT_PRODUCTS_DIR; };
		88592D7121D924A800FA40DF /* PostsUITests.swift */ = {isa = PBXFileReference; lastKnownFileType = sourcecode.swift; path = PostsUITests.swift; sourceTree = "<group>"; };
		88592D7321D924A800FA40DF /* Info.plist */ = {isa = PBXFileReference; lastKnownFileType = text.plist.xml; path = Info.plist; sourceTree = "<group>"; };
		88592D8221D9255E00FA40DF /* Post.swift */ = {isa = PBXFileReference; lastKnownFileType = sourcecode.swift; path = Post.swift; sourceTree = "<group>"; };
		88592D8421D9260900FA40DF /* LoadPostsUseCase.swift */ = {isa = PBXFileReference; lastKnownFileType = sourcecode.swift; path = LoadPostsUseCase.swift; sourceTree = "<group>"; };
		88592D8721D92C6800FA40DF /* RxCocoa.framework */ = {isa = PBXFileReference; lastKnownFileType = wrapper.framework; name = RxCocoa.framework; path = Carthage/Build/iOS/RxCocoa.framework; sourceTree = "<group>"; };
		88592D8821D92C6800FA40DF /* Realm.framework */ = {isa = PBXFileReference; lastKnownFileType = wrapper.framework; name = Realm.framework; path = Carthage/Build/iOS/Realm.framework; sourceTree = "<group>"; };
		88592D8921D92C6800FA40DF /* RxRealm.framework */ = {isa = PBXFileReference; lastKnownFileType = wrapper.framework; name = RxRealm.framework; path = Carthage/Build/iOS/RxRealm.framework; sourceTree = "<group>"; };
		88592D8A21D92C6800FA40DF /* RealmSwift.framework */ = {isa = PBXFileReference; lastKnownFileType = wrapper.framework; name = RealmSwift.framework; path = Carthage/Build/iOS/RealmSwift.framework; sourceTree = "<group>"; };
		88592D8B21D92C6800FA40DF /* RxSwift.framework */ = {isa = PBXFileReference; lastKnownFileType = wrapper.framework; name = RxSwift.framework; path = Carthage/Build/iOS/RxSwift.framework; sourceTree = "<group>"; };
		88592D9421D930AA00FA40DF /* PostsNetwork.swift */ = {isa = PBXFileReference; lastKnownFileType = sourcecode.swift; path = PostsNetwork.swift; sourceTree = "<group>"; };
		88592D9A21D936B200FA40DF /* NetworkSettings.swift */ = {isa = PBXFileReference; lastKnownFileType = sourcecode.swift; path = NetworkSettings.swift; sourceTree = "<group>"; };
		88592D9C21D940A600FA40DF /* PostsRepository.swift */ = {isa = PBXFileReference; lastKnownFileType = sourcecode.swift; path = PostsRepository.swift; sourceTree = "<group>"; };
		88592D9F21D9429D00FA40DF /* RMPost.swift */ = {isa = PBXFileReference; lastKnownFileType = sourcecode.swift; path = RMPost.swift; sourceTree = "<group>"; };
		88592DA121D9438000FA40DF /* Repository.swift */ = {isa = PBXFileReference; lastKnownFileType = sourcecode.swift; path = Repository.swift; sourceTree = "<group>"; };
		88592DA521D9481000FA40DF /* Network.swift */ = {isa = PBXFileReference; lastKnownFileType = sourcecode.swift; path = Network.swift; sourceTree = "<group>"; };
		88592DA721D953EE00FA40DF /* LoadPostsUseCaseTests.swift */ = {isa = PBXFileReference; lastKnownFileType = sourcecode.swift; path = LoadPostsUseCaseTests.swift; sourceTree = "<group>"; };
		88592DB721D9690500FA40DF /* RxBlocking.framework */ = {isa = PBXFileReference; lastKnownFileType = wrapper.framework; name = RxBlocking.framework; path = Carthage/Build/iOS/RxBlocking.framework; sourceTree = "<group>"; };
		88592DBA21D9700A00FA40DF /* TestData.swift */ = {isa = PBXFileReference; lastKnownFileType = sourcecode.swift; path = TestData.swift; sourceTree = "<group>"; };
		88592DBC21D970F700FA40DF /* MockNetwork.swift */ = {isa = PBXFileReference; lastKnownFileType = sourcecode.swift; path = MockNetwork.swift; sourceTree = "<group>"; };
		88592DBE21D9727A00FA40DF /* posts.json */ = {isa = PBXFileReference; fileEncoding = 4; lastKnownFileType = text.json; path = posts.json; sourceTree = "<group>"; };
		88EBEBCF21DA38A100F4B3AD /* AppCoordinator.swift */ = {isa = PBXFileReference; lastKnownFileType = sourcecode.swift; path = AppCoordinator.swift; sourceTree = "<group>"; };
		88EBEBD421DA3A5D00F4B3AD /* BaseCoordinator.swift */ = {isa = PBXFileReference; fileEncoding = 4; lastKnownFileType = sourcecode.swift; path = BaseCoordinator.swift; sourceTree = "<group>"; };
		88EBEBD621DA3A6500F4B3AD /* StoryboardInitializable.swift */ = {isa = PBXFileReference; fileEncoding = 4; lastKnownFileType = sourcecode.swift; path = StoryboardInitializable.swift; sourceTree = "<group>"; };
		88EBEBD821DA3C3700F4B3AD /* PostsListCoordinator.swift */ = {isa = PBXFileReference; lastKnownFileType = sourcecode.swift; path = PostsListCoordinator.swift; sourceTree = "<group>"; };
		88EBEBDA21DA3C9500F4B3AD /* PostsListViewController.swift */ = {isa = PBXFileReference; lastKnownFileType = sourcecode.swift; path = PostsListViewController.swift; sourceTree = "<group>"; };
		88EBEBDC21DA3CB500F4B3AD /* PostsListViewModel.swift */ = {isa = PBXFileReference; lastKnownFileType = sourcecode.swift; path = PostsListViewModel.swift; sourceTree = "<group>"; };
		88EBEBDE21DA3CC000F4B3AD /* PostViewData.swift */ = {isa = PBXFileReference; lastKnownFileType = sourcecode.swift; path = PostViewData.swift; sourceTree = "<group>"; };
		88EBEBE021DA408000F4B3AD /* ListPostsUseCase.swift */ = {isa = PBXFileReference; lastKnownFileType = sourcecode.swift; path = ListPostsUseCase.swift; sourceTree = "<group>"; };
		88EBEBE321DA6F9700F4B3AD /* PostsLoader.swift */ = {isa = PBXFileReference; lastKnownFileType = sourcecode.swift; path = PostsLoader.swift; sourceTree = "<group>"; };
		88EBEBE521DA938800F4B3AD /* ListPostsUseCaseTests.swift */ = {isa = PBXFileReference; lastKnownFileType = sourcecode.swift; path = ListPostsUseCaseTests.swift; sourceTree = "<group>"; };
		88EBEBE721DB575D00F4B3AD /* ErrorHandler.swift */ = {isa = PBXFileReference; lastKnownFileType = sourcecode.swift; path = ErrorHandler.swift; sourceTree = "<group>"; };
		88EBEBE921DB81EE00F4B3AD /* Comment.swift */ = {isa = PBXFileReference; lastKnownFileType = sourcecode.swift; path = Comment.swift; sourceTree = "<group>"; };
		88EBEBEB21DB81FD00F4B3AD /* User.swift */ = {isa = PBXFileReference; lastKnownFileType = sourcecode.swift; path = User.swift; sourceTree = "<group>"; };
		88EBEBED21DB825700F4B3AD /* RMComment.swift */ = {isa = PBXFileReference; lastKnownFileType = sourcecode.swift; path = RMComment.swift; sourceTree = "<group>"; };
		88EBEBEF21DB826400F4B3AD /* RMUser.swift */ = {isa = PBXFileReference; lastKnownFileType = sourcecode.swift; path = RMUser.swift; sourceTree = "<group>"; };
		88EBEBF321DB84A900F4B3AD /* PostDetailViewController.swift */ = {isa = PBXFileReference; lastKnownFileType = sourcecode.swift; path = PostDetailViewController.swift; sourceTree = "<group>"; };
		88EBEBF521DB84C600F4B3AD /* PostDetailViewModel.swift */ = {isa = PBXFileReference; lastKnownFileType = sourcecode.swift; path = PostDetailViewModel.swift; sourceTree = "<group>"; };
		88EBEBF721DB84D400F4B3AD /* PostDetailViewData.swift */ = {isa = PBXFileReference; lastKnownFileType = sourcecode.swift; path = PostDetailViewData.swift; sourceTree = "<group>"; };
		88EBEBF921DB865D00F4B3AD /* ShowPostDetailUseCase.swift */ = {isa = PBXFileReference; lastKnownFileType = sourcecode.swift; path = ShowPostDetailUseCase.swift; sourceTree = "<group>"; };
		88EBEC3521DBB10800F4B3AD /* PostDetailCoordinator.swift */ = {isa = PBXFileReference; lastKnownFileType = sourcecode.swift; path = PostDetailCoordinator.swift; sourceTree = "<group>"; };
		88EBEC3721DBCAE100F4B3AD /* ShowPostDetailsUseCaseTests.swift */ = {isa = PBXFileReference; lastKnownFileType = sourcecode.swift; path = ShowPostDetailsUseCaseTests.swift; sourceTree = "<group>"; };
		88EBEC3921DBCEFA00F4B3AD /* comments.json */ = {isa = PBXFileReference; fileEncoding = 4; lastKnownFileType = text.json; path = comments.json; sourceTree = "<group>"; };
		88EBEC3B21DBCF0300F4B3AD /* users.json */ = {isa = PBXFileReference; fileEncoding = 4; lastKnownFileType = text.json; path = users.json; sourceTree = "<group>"; };
		88EBEC3F21DBF1CE00F4B3AD /* Notifications.swift */ = {isa = PBXFileReference; lastKnownFileType = sourcecode.swift; path = Notifications.swift; sourceTree = "<group>"; };
/* End PBXFileReference section */

/* Begin PBXFrameworksBuildPhase section */
		88592D4B21D924A800FA40DF /* Frameworks */ = {
			isa = PBXFrameworksBuildPhase;
			buildActionMask = 2147483647;
			files = (
				88592D9021D92C6900FA40DF /* RxSwift.framework in Frameworks */,
				88592D8C21D92C6900FA40DF /* RxCocoa.framework in Frameworks */,
				88592D8E21D92C6900FA40DF /* RxRealm.framework in Frameworks */,
				88592D8F21D92C6900FA40DF /* RealmSwift.framework in Frameworks */,
				88592D8D21D92C6900FA40DF /* Realm.framework in Frameworks */,
			);
			runOnlyForDeploymentPostprocessing = 0;
		};
		88592D5F21D924A800FA40DF /* Frameworks */ = {
			isa = PBXFrameworksBuildPhase;
			buildActionMask = 2147483647;
			files = (
				88592DB921D9690F00FA40DF /* RxBlocking.framework in Frameworks */,
			);
			runOnlyForDeploymentPostprocessing = 0;
		};
		88592D6A21D924A800FA40DF /* Frameworks */ = {
			isa = PBXFrameworksBuildPhase;
			buildActionMask = 2147483647;
			files = (
			);
			runOnlyForDeploymentPostprocessing = 0;
		};
/* End PBXFrameworksBuildPhase section */

/* Begin PBXGroup section */
		88592D4521D924A800FA40DF = {
			isa = PBXGroup;
			children = (
				88592D5021D924A800FA40DF /* Posts */,
				88592D6521D924A800FA40DF /* PostsTests */,
				88592D7021D924A800FA40DF /* PostsUITests */,
				88592D4F21D924A800FA40DF /* Products */,
				88592D8621D92C6800FA40DF /* Frameworks */,
			);
			sourceTree = "<group>";
		};
		88592D4F21D924A800FA40DF /* Products */ = {
			isa = PBXGroup;
			children = (
				88592D4E21D924A800FA40DF /* Posts.app */,
				88592D6221D924A800FA40DF /* PostsTests.xctest */,
				88592D6D21D924A800FA40DF /* PostsUITests.xctest */,
			);
			name = Products;
			sourceTree = "<group>";
		};
		88592D5021D924A800FA40DF /* Posts */ = {
			isa = PBXGroup;
			children = (
				88EBEBCC21DA36D900F4B3AD /* Application */,
				88EBEBE221DA6E7800F4B3AD /* Services */,
				88EBEBCE21DA36F700F4B3AD /* Scenes */,
				88592D7F21D9250900FA40DF /* Domain */,
				88592D9221D92E8C00FA40DF /* Network */,
				88592D9321D92E9700FA40DF /* Repository */,
				88592D9921D9369600FA40DF /* Config */,
				88592D5521D924A800FA40DF /* Main.storyboard */,
				88592D5821D924A800FA40DF /* Assets.xcassets */,
				88592D5A21D924A800FA40DF /* LaunchScreen.storyboard */,
				88592D5D21D924A800FA40DF /* Info.plist */,
				88EBEBD321DA39CB00F4B3AD /* External Code References */,
			);
			path = Posts;
			sourceTree = "<group>";
		};
		88592D6521D924A800FA40DF /* PostsTests */ = {
			isa = PBXGroup;
			children = (
				88592DA721D953EE00FA40DF /* LoadPostsUseCaseTests.swift */,
				88EBEBE521DA938800F4B3AD /* ListPostsUseCaseTests.swift */,
				88EBEC3721DBCAE100F4B3AD /* ShowPostDetailsUseCaseTests.swift */,
				88592DBC21D970F700FA40DF /* MockNetwork.swift */,
				88EBEC4121DC073E00F4B3AD /* TestData */,
				88592D6821D924A800FA40DF /* Info.plist */,
			);
			path = PostsTests;
			sourceTree = "<group>";
		};
		88592D7021D924A800FA40DF /* PostsUITests */ = {
			isa = PBXGroup;
			children = (
				88592D7121D924A800FA40DF /* PostsUITests.swift */,
				88592D7321D924A800FA40DF /* Info.plist */,
			);
			path = PostsUITests;
			sourceTree = "<group>";
		};
		88592D7F21D9250900FA40DF /* Domain */ = {
			isa = PBXGroup;
			children = (
				88592D8021D9251B00FA40DF /* Model */,
				88592D8121D9252200FA40DF /* UseCases */,
			);
			path = Domain;
			sourceTree = "<group>";
		};
		88592D8021D9251B00FA40DF /* Model */ = {
			isa = PBXGroup;
			children = (
				88592D8221D9255E00FA40DF /* Post.swift */,
				88EBEBE921DB81EE00F4B3AD /* Comment.swift */,
				88EBEBEB21DB81FD00F4B3AD /* User.swift */,
			);
			path = Model;
			sourceTree = "<group>";
		};
		88592D8121D9252200FA40DF /* UseCases */ = {
			isa = PBXGroup;
			children = (
				88592D8421D9260900FA40DF /* LoadPostsUseCase.swift */,
				88EBEBE021DA408000F4B3AD /* ListPostsUseCase.swift */,
				88EBEBF921DB865D00F4B3AD /* ShowPostDetailUseCase.swift */,
			);
			path = UseCases;
			sourceTree = "<group>";
		};
		88592D8621D92C6800FA40DF /* Frameworks */ = {
			isa = PBXGroup;
			children = (
				88592DB721D9690500FA40DF /* RxBlocking.framework */,
				88592D8821D92C6800FA40DF /* Realm.framework */,
				88592D8A21D92C6800FA40DF /* RealmSwift.framework */,
				88592D8721D92C6800FA40DF /* RxCocoa.framework */,
				88592D8921D92C6800FA40DF /* RxRealm.framework */,
				88592D8B21D92C6800FA40DF /* RxSwift.framework */,
			);
			name = Frameworks;
			sourceTree = "<group>";
		};
		88592D9221D92E8C00FA40DF /* Network */ = {
			isa = PBXGroup;
			children = (
				88592DA521D9481000FA40DF /* Network.swift */,
				88592D9421D930AA00FA40DF /* PostsNetwork.swift */,
			);
			path = Network;
			sourceTree = "<group>";
		};
		88592D9321D92E9700FA40DF /* Repository */ = {
			isa = PBXGroup;
			children = (
				88592D9E21D9428300FA40DF /* Model */,
				88592DA121D9438000FA40DF /* Repository.swift */,
				88592D9C21D940A600FA40DF /* PostsRepository.swift */,
			);
			path = Repository;
			sourceTree = "<group>";
		};
		88592D9921D9369600FA40DF /* Config */ = {
			isa = PBXGroup;
			children = (
				88592D9A21D936B200FA40DF /* NetworkSettings.swift */,
			);
			path = Config;
			sourceTree = "<group>";
		};
		88592D9E21D9428300FA40DF /* Model */ = {
			isa = PBXGroup;
			children = (
				88592D9F21D9429D00FA40DF /* RMPost.swift */,
				88EBEBED21DB825700F4B3AD /* RMComment.swift */,
				88EBEBEF21DB826400F4B3AD /* RMUser.swift */,
			);
			path = Model;
			sourceTree = "<group>";
		};
		88EBEBCC21DA36D900F4B3AD /* Application */ = {
			isa = PBXGroup;
			children = (
				88592D5121D924A800FA40DF /* AppDelegate.swift */,
				88EBEBCF21DA38A100F4B3AD /* AppCoordinator.swift */,
				88EBEC3F21DBF1CE00F4B3AD /* Notifications.swift */,
			);
			path = Application;
			sourceTree = "<group>";
		};
		88EBEBCE21DA36F700F4B3AD /* Scenes */ = {
			isa = PBXGroup;
			children = (
				88EBEBF221DB841300F4B3AD /* Posts */,
				88EBEBF121DB840400F4B3AD /* PostDetail */,
			);
			path = Scenes;
			sourceTree = "<group>";
		};
		88EBEBD321DA39CB00F4B3AD /* External Code References */ = {
			isa = PBXGroup;
			children = (
				88EBEBD421DA3A5D00F4B3AD /* BaseCoordinator.swift */,
				88EBEBD621DA3A6500F4B3AD /* StoryboardInitializable.swift */,
			);
			path = "External Code References";
			sourceTree = "<group>";
		};
		88EBEBE221DA6E7800F4B3AD /* Services */ = {
			isa = PBXGroup;
			children = (
				88EBEBE321DA6F9700F4B3AD /* PostsLoader.swift */,
				88EBEBE721DB575D00F4B3AD /* ErrorHandler.swift */,
			);
			path = Services;
			sourceTree = "<group>";
		};
		88EBEBF121DB840400F4B3AD /* PostDetail */ = {
			isa = PBXGroup;
			children = (
				88EBEC3521DBB10800F4B3AD /* PostDetailCoordinator.swift */,
				88EBEBF321DB84A900F4B3AD /* PostDetailViewController.swift */,
				88EBEBF521DB84C600F4B3AD /* PostDetailViewModel.swift */,
				88EBEBF721DB84D400F4B3AD /* PostDetailViewData.swift */,
			);
			path = PostDetail;
			sourceTree = "<group>";
		};
		88EBEBF221DB841300F4B3AD /* Posts */ = {
			isa = PBXGroup;
			children = (
				88EBEBD821DA3C3700F4B3AD /* PostsListCoordinator.swift */,
				88EBEBDA21DA3C9500F4B3AD /* PostsListViewController.swift */,
				88EBEBDC21DA3CB500F4B3AD /* PostsListViewModel.swift */,
				88EBEBDE21DA3CC000F4B3AD /* PostViewData.swift */,
			);
			path = Posts;
			sourceTree = "<group>";
		};
		88EBEC4121DC073E00F4B3AD /* TestData */ = {
			isa = PBXGroup;
			children = (
				88592DBA21D9700A00FA40DF /* TestData.swift */,
				88592DBE21D9727A00FA40DF /* posts.json */,
				88EBEC3B21DBCF0300F4B3AD /* users.json */,
				88EBEC3921DBCEFA00F4B3AD /* comments.json */,
			);
			path = TestData;
			sourceTree = "<group>";
		};
/* End PBXGroup section */

/* Begin PBXNativeTarget section */
		88592D4D21D924A800FA40DF /* Posts */ = {
			isa = PBXNativeTarget;
			buildConfigurationList = 88592D7621D924A800FA40DF /* Build configuration list for PBXNativeTarget "Posts" */;
			buildPhases = (
				88592D4A21D924A800FA40DF /* Sources */,
				88592D4B21D924A800FA40DF /* Frameworks */,
				88592D4C21D924A800FA40DF /* Resources */,
				88592D9121D92C9700FA40DF /* ShellScript */,
			);
			buildRules = (
			);
			dependencies = (
			);
			name = Posts;
			productName = Posts;
			productReference = 88592D4E21D924A800FA40DF /* Posts.app */;
			productType = "com.apple.product-type.application";
		};
		88592D6121D924A800FA40DF /* PostsTests */ = {
			isa = PBXNativeTarget;
			buildConfigurationList = 88592D7921D924A800FA40DF /* Build configuration list for PBXNativeTarget "PostsTests" */;
			buildPhases = (
				88592D5E21D924A800FA40DF /* Sources */,
				88592D5F21D924A800FA40DF /* Frameworks */,
				88592D6021D924A800FA40DF /* Resources */,
			);
			buildRules = (
			);
			dependencies = (
				88592D6421D924A800FA40DF /* PBXTargetDependency */,
			);
			name = PostsTests;
			productName = PostsTests;
			productReference = 88592D6221D924A800FA40DF /* PostsTests.xctest */;
			productType = "com.apple.product-type.bundle.unit-test";
		};
		88592D6C21D924A800FA40DF /* PostsUITests */ = {
			isa = PBXNativeTarget;
			buildConfigurationList = 88592D7C21D924A800FA40DF /* Build configuration list for PBXNativeTarget "PostsUITests" */;
			buildPhases = (
				88592D6921D924A800FA40DF /* Sources */,
				88592D6A21D924A800FA40DF /* Frameworks */,
				88592D6B21D924A800FA40DF /* Resources */,
			);
			buildRules = (
			);
			dependencies = (
				88592D6F21D924A800FA40DF /* PBXTargetDependency */,
			);
			name = PostsUITests;
			productName = PostsUITests;
			productReference = 88592D6D21D924A800FA40DF /* PostsUITests.xctest */;
			productType = "com.apple.product-type.bundle.ui-testing";
		};
/* End PBXNativeTarget section */

/* Begin PBXProject section */
		88592D4621D924A800FA40DF /* Project object */ = {
			isa = PBXProject;
			attributes = {
				LastSwiftUpdateCheck = 1010;
				LastUpgradeCheck = 1010;
				ORGANIZATIONNAME = "Samson Lopez";
				TargetAttributes = {
					88592D4D21D924A800FA40DF = {
						CreatedOnToolsVersion = 10.1;
					};
					88592D6121D924A800FA40DF = {
						CreatedOnToolsVersion = 10.1;
						TestTargetID = 88592D4D21D924A800FA40DF;
					};
					88592D6C21D924A800FA40DF = {
						CreatedOnToolsVersion = 10.1;
						TestTargetID = 88592D4D21D924A800FA40DF;
					};
				};
			};
			buildConfigurationList = 88592D4921D924A800FA40DF /* Build configuration list for PBXProject "Posts" */;
			compatibilityVersion = "Xcode 9.3";
			developmentRegion = en;
			hasScannedForEncodings = 0;
			knownRegions = (
				en,
				Base,
			);
			mainGroup = 88592D4521D924A800FA40DF;
			productRefGroup = 88592D4F21D924A800FA40DF /* Products */;
			projectDirPath = "";
			projectRoot = "";
			targets = (
				88592D4D21D924A800FA40DF /* Posts */,
				88592D6121D924A800FA40DF /* PostsTests */,
				88592D6C21D924A800FA40DF /* PostsUITests */,
			);
		};
/* End PBXProject section */

/* Begin PBXResourcesBuildPhase section */
		88592D4C21D924A800FA40DF /* Resources */ = {
			isa = PBXResourcesBuildPhase;
			buildActionMask = 2147483647;
			files = (
				88EBEC3D21DBCFC500F4B3AD /* users.json in Resources */,
				88592D5C21D924A800FA40DF /* LaunchScreen.storyboard in Resources */,
				88592D5921D924A800FA40DF /* Assets.xcassets in Resources */,
				88592D5721D924A800FA40DF /* Main.storyboard in Resources */,
				88592DC021D9735400FA40DF /* posts.json in Resources */,
				88EBEC3E21DBCFC700F4B3AD /* comments.json in Resources */,
			);
			runOnlyForDeploymentPostprocessing = 0;
		};
		88592D6021D924A800FA40DF /* Resources */ = {
			isa = PBXResourcesBuildPhase;
			buildActionMask = 2147483647;
			files = (
				88EBEC3C21DBCF0300F4B3AD /* users.json in Resources */,
				88592DBF21D9727B00FA40DF /* posts.json in Resources */,
				88EBEC3A21DBCEFA00F4B3AD /* comments.json in Resources */,
			);
			runOnlyForDeploymentPostprocessing = 0;
		};
		88592D6B21D924A800FA40DF /* Resources */ = {
			isa = PBXResourcesBuildPhase;
			buildActionMask = 2147483647;
			files = (
			);
			runOnlyForDeploymentPostprocessing = 0;
		};
/* End PBXResourcesBuildPhase section */

/* Begin PBXShellScriptBuildPhase section */
		88592D9121D92C9700FA40DF /* ShellScript */ = {
			isa = PBXShellScriptBuildPhase;
			buildActionMask = 2147483647;
			files = (
			);
			inputFileListPaths = (
			);
			inputPaths = (
				"$(SRCROOT)/Carthage/Build/iOS/RxSwift.framework",
				"$(SRCROOT)/Carthage/Build/iOS/RxCocoa.framework",
				"$(SRCROOT)/Carthage/Build/iOS/RxRealm.framework",
				"$(SRCROOT)/Carthage/Build/iOS/RealmSwift.framework",
				"$(SRCROOT)/Carthage/Build/iOS/Realm.framework",
				"$(SRCROOT)/Carthage/Build/iOS/RxBlocking.framework",
			);
			outputFileListPaths = (
			);
			outputPaths = (
			);
			runOnlyForDeploymentPostprocessing = 0;
			shellPath = /bin/sh;
			shellScript = "/usr/local/bin/carthage copy-frameworks\n\n";
		};
/* End PBXShellScriptBuildPhase section */

/* Begin PBXSourcesBuildPhase section */
		88592D4A21D924A800FA40DF /* Sources */ = {
			isa = PBXSourcesBuildPhase;
			buildActionMask = 2147483647;
			files = (
				88EBEBD921DA3C3700F4B3AD /* PostsListCoordinator.swift in Sources */,
				88EBEBF421DB84A900F4B3AD /* PostDetailViewController.swift in Sources */,
				88EBEC4021DBF1CE00F4B3AD /* Notifications.swift in Sources */,
				88EBEBD021DA38A100F4B3AD /* AppCoordinator.swift in Sources */,
				88EBEBE821DB575D00F4B3AD /* ErrorHandler.swift in Sources */,
				88EBEBDB21DA3C9500F4B3AD /* PostsListViewController.swift in Sources */,
				88592DA621D9481000FA40DF /* Network.swift in Sources */,
				88EBEBDF21DA3CC000F4B3AD /* PostViewData.swift in Sources */,
				88EBEBE121DA408000F4B3AD /* ListPostsUseCase.swift in Sources */,
				88EBEBDD21DA3CB500F4B3AD /* PostsListViewModel.swift in Sources */,
				88EBEBF621DB84C600F4B3AD /* PostDetailViewModel.swift in Sources */,
				88592D8321D9255E00FA40DF /* Post.swift in Sources */,
				88EBEC3621DBB10800F4B3AD /* PostDetailCoordinator.swift in Sources */,
				88592D9521D930AA00FA40DF /* PostsNetwork.swift in Sources */,
				88EBEBD721DA3A6500F4B3AD /* StoryboardInitializable.swift in Sources */,
				88592D9D21D940A600FA40DF /* PostsRepository.swift in Sources */,
				88592DA021D9429D00FA40DF /* RMPost.swift in Sources */,
				88EBEBF821DB84D400F4B3AD /* PostDetailViewData.swift in Sources */,
				88EBEBE421DA6F9700F4B3AD /* PostsLoader.swift in Sources */,
				88EBEBF021DB826400F4B3AD /* RMUser.swift in Sources */,
				88EBEBD521DA3A5D00F4B3AD /* BaseCoordinator.swift in Sources */,
				88EBEBEA21DB81EE00F4B3AD /* Comment.swift in Sources */,
				88592D5221D924A800FA40DF /* AppDelegate.swift in Sources */,
				88592D8521D9260900FA40DF /* LoadPostsUseCase.swift in Sources */,
				88592D9B21D936B200FA40DF /* NetworkSettings.swift in Sources */,
				88592DA221D9438000FA40DF /* Repository.swift in Sources */,
				88EBEBEE21DB825700F4B3AD /* RMComment.swift in Sources */,
				88EBEBFA21DB865D00F4B3AD /* ShowPostDetailUseCase.swift in Sources */,
				88EBEBEC21DB81FD00F4B3AD /* User.swift in Sources */,
			);
			runOnlyForDeploymentPostprocessing = 0;
		};
		88592D5E21D924A800FA40DF /* Sources */ = {
			isa = PBXSourcesBuildPhase;
			buildActionMask = 2147483647;
			files = (
				88592DBB21D9700A00FA40DF /* TestData.swift in Sources */,
				88592DBD21D970F700FA40DF /* MockNetwork.swift in Sources */,
				88592DA821D953EE00FA40DF /* LoadPostsUseCaseTests.swift in Sources */,
				88EBEC3821DBCAE100F4B3AD /* ShowPostDetailsUseCaseTests.swift in Sources */,
				88EBEBE621DA938800F4B3AD /* ListPostsUseCaseTests.swift in Sources */,
			);
			runOnlyForDeploymentPostprocessing = 0;
		};
		88592D6921D924A800FA40DF /* Sources */ = {
			isa = PBXSourcesBuildPhase;
			buildActionMask = 2147483647;
			files = (
				88592D7221D924A800FA40DF /* PostsUITests.swift in Sources */,
			);
			runOnlyForDeploymentPostprocessing = 0;
		};
/* End PBXSourcesBuildPhase section */

/* Begin PBXTargetDependency section */
		88592D6421D924A800FA40DF /* PBXTargetDependency */ = {
			isa = PBXTargetDependency;
			target = 88592D4D21D924A800FA40DF /* Posts */;
			targetProxy = 88592D6321D924A800FA40DF /* PBXContainerItemProxy */;
		};
		88592D6F21D924A800FA40DF /* PBXTargetDependency */ = {
			isa = PBXTargetDependency;
			target = 88592D4D21D924A800FA40DF /* Posts */;
			targetProxy = 88592D6E21D924A800FA40DF /* PBXContainerItemProxy */;
		};
/* End PBXTargetDependency section */

/* Begin PBXVariantGroup section */
		88592D5521D924A800FA40DF /* Main.storyboard */ = {
			isa = PBXVariantGroup;
			children = (
				88592D5621D924A800FA40DF /* Base */,
			);
			name = Main.storyboard;
			sourceTree = "<group>";
		};
		88592D5A21D924A800FA40DF /* LaunchScreen.storyboard */ = {
			isa = PBXVariantGroup;
			children = (
				88592D5B21D924A800FA40DF /* Base */,
			);
			name = LaunchScreen.storyboard;
			sourceTree = "<group>";
		};
/* End PBXVariantGroup section */

/* Begin XCBuildConfiguration section */
		88592D7421D924A800FA40DF /* Debug */ = {
			isa = XCBuildConfiguration;
			buildSettings = {
				ALWAYS_SEARCH_USER_PATHS = NO;
				CLANG_ANALYZER_NONNULL = YES;
				CLANG_ANALYZER_NUMBER_OBJECT_CONVERSION = YES_AGGRESSIVE;
				CLANG_CXX_LANGUAGE_STANDARD = "gnu++14";
				CLANG_CXX_LIBRARY = "libc++";
				CLANG_ENABLE_MODULES = YES;
				CLANG_ENABLE_OBJC_ARC = YES;
				CLANG_ENABLE_OBJC_WEAK = YES;
				CLANG_WARN_BLOCK_CAPTURE_AUTORELEASING = YES;
				CLANG_WARN_BOOL_CONVERSION = YES;
				CLANG_WARN_COMMA = YES;
				CLANG_WARN_CONSTANT_CONVERSION = YES;
				CLANG_WARN_DEPRECATED_OBJC_IMPLEMENTATIONS = YES;
				CLANG_WARN_DIRECT_OBJC_ISA_USAGE = YES_ERROR;
				CLANG_WARN_DOCUMENTATION_COMMENTS = YES;
				CLANG_WARN_EMPTY_BODY = YES;
				CLANG_WARN_ENUM_CONVERSION = YES;
				CLANG_WARN_INFINITE_RECURSION = YES;
				CLANG_WARN_INT_CONVERSION = YES;
				CLANG_WARN_NON_LITERAL_NULL_CONVERSION = YES;
				CLANG_WARN_OBJC_IMPLICIT_RETAIN_SELF = YES;
				CLANG_WARN_OBJC_LITERAL_CONVERSION = YES;
				CLANG_WARN_OBJC_ROOT_CLASS = YES_ERROR;
				CLANG_WARN_RANGE_LOOP_ANALYSIS = YES;
				CLANG_WARN_STRICT_PROTOTYPES = YES;
				CLANG_WARN_SUSPICIOUS_MOVE = YES;
				CLANG_WARN_UNGUARDED_AVAILABILITY = YES_AGGRESSIVE;
				CLANG_WARN_UNREACHABLE_CODE = YES;
				CLANG_WARN__DUPLICATE_METHOD_MATCH = YES;
				CODE_SIGN_IDENTITY = "iPhone Developer";
				COPY_PHASE_STRIP = NO;
				DEBUG_INFORMATION_FORMAT = dwarf;
				ENABLE_STRICT_OBJC_MSGSEND = YES;
				ENABLE_TESTABILITY = YES;
				GCC_C_LANGUAGE_STANDARD = gnu11;
				GCC_DYNAMIC_NO_PIC = NO;
				GCC_NO_COMMON_BLOCKS = YES;
				GCC_OPTIMIZATION_LEVEL = 0;
				GCC_PREPROCESSOR_DEFINITIONS = (
					"DEBUG=1",
					"$(inherited)",
				);
				GCC_WARN_64_TO_32_BIT_CONVERSION = YES;
				GCC_WARN_ABOUT_RETURN_TYPE = YES_ERROR;
				GCC_WARN_UNDECLARED_SELECTOR = YES;
				GCC_WARN_UNINITIALIZED_AUTOS = YES_AGGRESSIVE;
				GCC_WARN_UNUSED_FUNCTION = YES;
				GCC_WARN_UNUSED_VARIABLE = YES;
				IPHONEOS_DEPLOYMENT_TARGET = 12.1;
				MTL_ENABLE_DEBUG_INFO = INCLUDE_SOURCE;
				MTL_FAST_MATH = YES;
				ONLY_ACTIVE_ARCH = YES;
				SDKROOT = iphoneos;
				SWIFT_ACTIVE_COMPILATION_CONDITIONS = DEBUG;
				SWIFT_OPTIMIZATION_LEVEL = "-Onone";
			};
			name = Debug;
		};
		88592D7521D924A800FA40DF /* Release */ = {
			isa = XCBuildConfiguration;
			buildSettings = {
				ALWAYS_SEARCH_USER_PATHS = NO;
				CLANG_ANALYZER_NONNULL = YES;
				CLANG_ANALYZER_NUMBER_OBJECT_CONVERSION = YES_AGGRESSIVE;
				CLANG_CXX_LANGUAGE_STANDARD = "gnu++14";
				CLANG_CXX_LIBRARY = "libc++";
				CLANG_ENABLE_MODULES = YES;
				CLANG_ENABLE_OBJC_ARC = YES;
				CLANG_ENABLE_OBJC_WEAK = YES;
				CLANG_WARN_BLOCK_CAPTURE_AUTORELEASING = YES;
				CLANG_WARN_BOOL_CONVERSION = YES;
				CLANG_WARN_COMMA = YES;
				CLANG_WARN_CONSTANT_CONVERSION = YES;
				CLANG_WARN_DEPRECATED_OBJC_IMPLEMENTATIONS = YES;
				CLANG_WARN_DIRECT_OBJC_ISA_USAGE = YES_ERROR;
				CLANG_WARN_DOCUMENTATION_COMMENTS = YES;
				CLANG_WARN_EMPTY_BODY = YES;
				CLANG_WARN_ENUM_CONVERSION = YES;
				CLANG_WARN_INFINITE_RECURSION = YES;
				CLANG_WARN_INT_CONVERSION = YES;
				CLANG_WARN_NON_LITERAL_NULL_CONVERSION = YES;
				CLANG_WARN_OBJC_IMPLICIT_RETAIN_SELF = YES;
				CLANG_WARN_OBJC_LITERAL_CONVERSION = YES;
				CLANG_WARN_OBJC_ROOT_CLASS = YES_ERROR;
				CLANG_WARN_RANGE_LOOP_ANALYSIS = YES;
				CLANG_WARN_STRICT_PROTOTYPES = YES;
				CLANG_WARN_SUSPICIOUS_MOVE = YES;
				CLANG_WARN_UNGUARDED_AVAILABILITY = YES_AGGRESSIVE;
				CLANG_WARN_UNREACHABLE_CODE = YES;
				CLANG_WARN__DUPLICATE_METHOD_MATCH = YES;
				CODE_SIGN_IDENTITY = "iPhone Developer";
				COPY_PHASE_STRIP = NO;
				DEBUG_INFORMATION_FORMAT = "dwarf-with-dsym";
				ENABLE_NS_ASSERTIONS = NO;
				ENABLE_STRICT_OBJC_MSGSEND = YES;
				GCC_C_LANGUAGE_STANDARD = gnu11;
				GCC_NO_COMMON_BLOCKS = YES;
				GCC_WARN_64_TO_32_BIT_CONVERSION = YES;
				GCC_WARN_ABOUT_RETURN_TYPE = YES_ERROR;
				GCC_WARN_UNDECLARED_SELECTOR = YES;
				GCC_WARN_UNINITIALIZED_AUTOS = YES_AGGRESSIVE;
				GCC_WARN_UNUSED_FUNCTION = YES;
				GCC_WARN_UNUSED_VARIABLE = YES;
				IPHONEOS_DEPLOYMENT_TARGET = 12.1;
				MTL_ENABLE_DEBUG_INFO = NO;
				MTL_FAST_MATH = YES;
				SDKROOT = iphoneos;
				SWIFT_COMPILATION_MODE = wholemodule;
				SWIFT_OPTIMIZATION_LEVEL = "-O";
				VALIDATE_PRODUCT = YES;
			};
			name = Release;
		};
		88592D7721D924A800FA40DF /* Debug */ = {
			isa = XCBuildConfiguration;
			buildSettings = {
				ASSETCATALOG_COMPILER_APPICON_NAME = AppIcon;
				CODE_SIGN_STYLE = Automatic;
				FRAMEWORK_SEARCH_PATHS = (
					"$(inherited)",
					"$(PROJECT_DIR)/Carthage/Build/iOS",
				);
				INFOPLIST_FILE = Posts/Info.plist;
				LD_RUNPATH_SEARCH_PATHS = (
					"$(inherited)",
					"@executable_path/Frameworks",
				);
				PRODUCT_BUNDLE_IDENTIFIER = com.samsonlopez.Posts;
				PRODUCT_NAME = "$(TARGET_NAME)";
				SWIFT_VERSION = 4.2;
				TARGETED_DEVICE_FAMILY = "1,2";
			};
			name = Debug;
		};
		88592D7821D924A800FA40DF /* Release */ = {
			isa = XCBuildConfiguration;
			buildSettings = {
				ASSETCATALOG_COMPILER_APPICON_NAME = AppIcon;
				CODE_SIGN_STYLE = Automatic;
				FRAMEWORK_SEARCH_PATHS = (
					"$(inherited)",
					"$(PROJECT_DIR)/Carthage/Build/iOS",
				);
				INFOPLIST_FILE = Posts/Info.plist;
				LD_RUNPATH_SEARCH_PATHS = (
					"$(inherited)",
					"@executable_path/Frameworks",
				);
				PRODUCT_BUNDLE_IDENTIFIER = com.samsonlopez.Posts;
				PRODUCT_NAME = "$(TARGET_NAME)";
				SWIFT_VERSION = 4.2;
				TARGETED_DEVICE_FAMILY = "1,2";
			};
			name = Release;
		};
		88592D7A21D924A800FA40DF /* Debug */ = {
			isa = XCBuildConfiguration;
			buildSettings = {
				ALWAYS_EMBED_SWIFT_STANDARD_LIBRARIES = YES;
				BUNDLE_LOADER = "$(TEST_HOST)";
				CODE_SIGN_STYLE = Automatic;
				FRAMEWORK_SEARCH_PATHS = (
					"$(inherited)",
					"$(PROJECT_DIR)/Carthage/Build/iOS",
				);
				INFOPLIST_FILE = PostsTests/Info.plist;
				LD_RUNPATH_SEARCH_PATHS = (
					"$(inherited)",
					"@executable_path/Frameworks",
					"@loader_path/Frameworks",
				);
				PRODUCT_BUNDLE_IDENTIFIER = com.samsonlopez.PostsTests;
				PRODUCT_NAME = "$(TARGET_NAME)";
				SWIFT_VERSION = 4.2;
				TARGETED_DEVICE_FAMILY = "1,2";
				TEST_HOST = "$(BUILT_PRODUCTS_DIR)/Posts.app/Posts";
			};
			name = Debug;
		};
		88592D7B21D924A800FA40DF /* Release */ = {
			isa = XCBuildConfiguration;
			buildSettings = {
				ALWAYS_EMBED_SWIFT_STANDARD_LIBRARIES = YES;
				BUNDLE_LOADER = "$(TEST_HOST)";
				CODE_SIGN_STYLE = Automatic;
				FRAMEWORK_SEARCH_PATHS = (
					"$(inherited)",
					"$(PROJECT_DIR)/Carthage/Build/iOS",
				);
				INFOPLIST_FILE = PostsTests/Info.plist;
				LD_RUNPATH_SEARCH_PATHS = (
					"$(inherited)",
					"@executable_path/Frameworks",
					"@loader_path/Frameworks",
				);
				PRODUCT_BUNDLE_IDENTIFIER = com.samsonlopez.PostsTests;
				PRODUCT_NAME = "$(TARGET_NAME)";
				SWIFT_VERSION = 4.2;
				TARGETED_DEVICE_FAMILY = "1,2";
				TEST_HOST = "$(BUILT_PRODUCTS_DIR)/Posts.app/Posts";
			};
			name = Release;
		};
		88592D7D21D924A800FA40DF /* Debug */ = {
			isa = XCBuildConfiguration;
			buildSettings = {
				ALWAYS_EMBED_SWIFT_STANDARD_LIBRARIES = YES;
				CODE_SIGN_STYLE = Automatic;
				INFOPLIST_FILE = PostsUITests/Info.plist;
				LD_RUNPATH_SEARCH_PATHS = (
					"$(inherited)",
					"@executable_path/Frameworks",
					"@loader_path/Frameworks",
				);
				PRODUCT_BUNDLE_IDENTIFIER = com.samsonlopez.PostsUITests;
				PRODUCT_NAME = "$(TARGET_NAME)";
				SWIFT_VERSION = 4.2;
				TARGETED_DEVICE_FAMILY = "1,2";
				TEST_TARGET_NAME = Posts;
			};
			name = Debug;
		};
		88592D7E21D924A800FA40DF /* Release */ = {
			isa = XCBuildConfiguration;
			buildSettings = {
				ALWAYS_EMBED_SWIFT_STANDARD_LIBRARIES = YES;
				CODE_SIGN_STYLE = Automatic;
				INFOPLIST_FILE = PostsUITests/Info.plist;
				LD_RUNPATH_SEARCH_PATHS = (
					"$(inherited)",
					"@executable_path/Frameworks",
					"@loader_path/Frameworks",
				);
				PRODUCT_BUNDLE_IDENTIFIER = com.samsonlopez.PostsUITests;
				PRODUCT_NAME = "$(TARGET_NAME)";
				SWIFT_VERSION = 4.2;
				TARGETED_DEVICE_FAMILY = "1,2";
				TEST_TARGET_NAME = Posts;
			};
			name = Release;
		};
/* End XCBuildConfiguration section */

/* Begin XCConfigurationList section */
		88592D4921D924A800FA40DF /* Build configuration list for PBXProject "Posts" */ = {
			isa = XCConfigurationList;
			buildConfigurations = (
				88592D7421D924A800FA40DF /* Debug */,
				88592D7521D924A800FA40DF /* Release */,
			);
			defaultConfigurationIsVisible = 0;
			defaultConfigurationName = Release;
		};
		88592D7621D924A800FA40DF /* Build configuration list for PBXNativeTarget "Posts" */ = {
			isa = XCConfigurationList;
			buildConfigurations = (
				88592D7721D924A800FA40DF /* Debug */,
				88592D7821D924A800FA40DF /* Release */,
			);
			defaultConfigurationIsVisible = 0;
			defaultConfigurationName = Release;
		};
		88592D7921D924A800FA40DF /* Build configuration list for PBXNativeTarget "PostsTests" */ = {
			isa = XCConfigurationList;
			buildConfigurations = (
				88592D7A21D924A800FA40DF /* Debug */,
				88592D7B21D924A800FA40DF /* Release */,
			);
			defaultConfigurationIsVisible = 0;
			defaultConfigurationName = Release;
		};
		88592D7C21D924A800FA40DF /* Build configuration list for PBXNativeTarget "PostsUITests" */ = {
			isa = XCConfigurationList;
			buildConfigurations = (
				88592D7D21D924A800FA40DF /* Debug */,
				88592D7E21D924A800FA40DF /* Release */,
			);
			defaultConfigurationIsVisible = 0;
			defaultConfigurationName = Release;
		};
/* End XCConfigurationList section */
	};
	rootObject = 88592D4621D924A800FA40DF /* Project object */;
}
