// !$*UTF8*$!
{
	archiveVersion = 1;
	classes = {
	};
	objectVersion = 50;
	objects = {

/* Begin PBXBuildFile section */
		88592D5221D924A800FA40DF /* AppDelegate.swift in Sources */ = {isa = PBXBuildFile; fileRef = 88592D5121D924A800FA40DF /* AppDelegate.swift */; };
		88592D5421D924A800FA40DF /* ViewController.swift in Sources */ = {isa = PBXBuildFile; fileRef = 88592D5321D924A800FA40DF /* ViewController.swift */; };
		88592D5721D924A800FA40DF /* Main.storyboard in Resources */ = {isa = PBXBuildFile; fileRef = 88592D5521D924A800FA40DF /* Main.storyboard */; };
		88592D5921D924A800FA40DF /* Assets.xcassets in Resources */ = {isa = PBXBuildFile; fileRef = 88592D5821D924A800FA40DF /* Assets.xcassets */; };
		88592D5C21D924A800FA40DF /* LaunchScreen.storyboard in Resources */ = {isa = PBXBuildFile; fileRef = 88592D5A21D924A800FA40DF /* LaunchScreen.storyboard */; };
		88592D6721D924A800FA40DF /* PostsTests.swift in Sources */ = {isa = PBXBuildFile; fileRef = 88592D6621D924A800FA40DF /* PostsTests.swift */; };
		88592D7221D924A800FA40DF /* PostsUITests.swift in Sources */ = {isa = PBXBuildFile; fileRef = 88592D7121D924A800FA40DF /* PostsUITests.swift */; };
/* End PBXBuildFile section */

/* Begin PBXContainerItemProxy section */
		88592D6321D924A800FA40DF /* PBXContainerItemProxy */ = {
			isa = PBXContainerItemProxy;
			containerPortal = 88592D4621D924A800FA40DF /* Project object */;
			proxyType = 1;
			remoteGlobalIDString = 88592D4D21D924A800FA40DF;
			remoteInfo = Posts;
		};
		88592D6E21D924A800FA40DF /* PBXContainerItemProxy */ = {
			isa = PBXContainerItemProxy;
			containerPortal = 88592D4621D924A800FA40DF /* Project object */;
			proxyType = 1;
			remoteGlobalIDString = 88592D4D21D924A800FA40DF;
			remoteInfo = Posts;
		};
/* End PBXContainerItemProxy section */

/* Begin PBXFileReference section */
		88592D4E21D924A800FA40DF /* Posts.app */ = {isa = PBXFileReference; explicitFileType = wrapper.application; includeInIndex = 0; path = Posts.app; sourceTree = BUILT_PRODUCTS_DIR; };
		88592D5121D924A800FA40DF /* AppDelegate.swift */ = {isa = PBXFileReference; lastKnownFileType = sourcecode.swift; path = AppDelegate.swift; sourceTree = "<group>"; };
		88592D5321D924A800FA40DF /* ViewController.swift */ = {isa = PBXFileReference; lastKnownFileType = sourcecode.swift; path = ViewController.swift; sourceTree = "<group>"; };
		88592D5621D924A800FA40DF /* Base */ = {isa = PBXFileReference; lastKnownFileType = file.storyboard; name = Base; path = Base.lproj/Main.storyboard; sourceTree = "<group>"; };
		88592D5821D924A800FA40DF /* Assets.xcassets */ = {isa = PBXFileReference; lastKnownFileType = folder.assetcatalog; path = Assets.xcassets; sourceTree = "<group>"; };
		88592D5B21D924A800FA40DF /* Base */ = {isa = PBXFileReference; lastKnownFileType = file.storyboard; name = Base; path = Base.lproj/LaunchScreen.storyboard; sourceTree = "<group>"; };
		88592D5D21D924A800FA40DF /* Info.plist */ = {isa = PBXFileReference; lastKnownFileType = text.plist.xml; path = Info.plist; sourceTree = "<group>"; };
		88592D6221D924A800FA40DF /* PostsTests.xctest */ = {isa = PBXFileReference; explicitFileType = wrapper.cfbundle; includeInIndex = 0; path = PostsTests.xctest; sourceTree = BUILT_PRODUCTS_DIR; };
		88592D6621D924A800FA40DF /* PostsTests.swift */ = {isa = PBXFileReference; lastKnownFileType = sourcecode.swift; path = PostsTests.swift; sourceTree = "<group>"; };
		88592D6821D924A800FA40DF /* Info.plist */ = {isa = PBXFileReference; lastKnownFileType = text.plist.xml; path = Info.plist; sourceTree = "<group>"; };
		88592D6D21D924A800FA40DF /* PostsUITests.xctest */ = {isa = PBXFileReference; explicitFileType = wrapper.cfbundle; includeInIndex = 0; path = PostsUITests.xctest; sourceTree = BUILT_PRODUCTS_DIR; };
		88592D7121D924A800FA40DF /* PostsUITests.swift */ = {isa = PBXFileReference; lastKnownFileType = sourcecode.swift; path = PostsUITests.swift; sourceTree = "<group>"; };
		88592D7321D924A800FA40DF /* Info.plist */ = {isa = PBXFileReference; lastKnownFileType = text.plist.xml; path = Info.plist; sourceTree = "<group>"; };
/* End PBXFileReference section */

/* Begin PBXFrameworksBuildPhase section */
		88592D4B21D924A800FA40DF /* Frameworks */ = {
			isa = PBXFrameworksBuildPhase;
			buildActionMask = 2147483647;
			files = (
			);
			runOnlyForDeploymentPostprocessing = 0;
		};
		88592D5F21D924A800FA40DF /* Frameworks */ = {
			isa = PBXFrameworksBuildPhase;
			buildActionMask = 2147483647;
			files = (
			);
			runOnlyForDeploymentPostprocessing = 0;
		};
		88592D6A21D924A800FA40DF /* Frameworks */ = {
			isa = PBXFrameworksBuildPhase;
			buildActionMask = 2147483647;
			files = (
			);
			runOnlyForDeploymentPostprocessing = 0;
		};
/* End PBXFrameworksBuildPhase section */

/* Begin PBXGroup section */
		88592D4521D924A800FA40DF = {
			isa = PBXGroup;
			children = (
				88592D5021D924A800FA40DF /* Posts */,
				88592D6521D924A800FA40DF /* PostsTests */,
				88592D7021D924A800FA40DF /* PostsUITests */,
				88592D4F21D924A800FA40DF /* Products */,
			);
			sourceTree = "<group>";
		};
		88592D4F21D924A800FA40DF /* Products */ = {
			isa = PBXGroup;
			children = (
				88592D4E21D924A800FA40DF /* Posts.app */,
				88592D6221D924A800FA40DF /* PostsTests.xctest */,
				88592D6D21D924A800FA40DF /* PostsUITests.xctest */,
			);
			name = Products;
			sourceTree = "<group>";
		};
		88592D5021D924A800FA40DF /* Posts */ = {
			isa = PBXGroup;
			children = (
				88592D5121D924A800FA40DF /* AppDelegate.swift */,
				88592D5321D924A800FA40DF /* ViewController.swift */,
				88592D5521D924A800FA40DF /* Main.storyboard */,
				88592D5821D924A800FA40DF /* Assets.xcassets */,
				88592D5A21D924A800FA40DF /* LaunchScreen.storyboard */,
				88592D5D21D924A800FA40DF /* Info.plist */,
			);
			path = Posts;
			sourceTree = "<group>";
		};
		88592D6521D924A800FA40DF /* PostsTests */ = {
			isa = PBXGroup;
			children = (
				88592D6621D924A800FA40DF /* PostsTests.swift */,
				88592D6821D924A800FA40DF /* Info.plist */,
			);
			path = PostsTests;
			sourceTree = "<group>";
		};
		88592D7021D924A800FA40DF /* PostsUITests */ = {
			isa = PBXGroup;
			children = (
				88592D7121D924A800FA40DF /* PostsUITests.swift */,
				88592D7321D924A800FA40DF /* Info.plist */,
			);
			path = PostsUITests;
			sourceTree = "<group>";
		};
/* End PBXGroup section */

/* Begin PBXNativeTarget section */
		88592D4D21D924A800FA40DF /* Posts */ = {
			isa = PBXNativeTarget;
			buildConfigurationList = 88592D7621D924A800FA40DF /* Build configuration list for PBXNativeTarget "Posts" */;
			buildPhases = (
				88592D4A21D924A800FA40DF /* Sources */,
				88592D4B21D924A800FA40DF /* Frameworks */,
				88592D4C21D924A800FA40DF /* Resources */,
			);
			buildRules = (
			);
			dependencies = (
			);
			name = Posts;
			productName = Posts;
			productReference = 88592D4E21D924A800FA40DF /* Posts.app */;
			productType = "com.apple.product-type.application";
		};
		88592D6121D924A800FA40DF /* PostsTests */ = {
			isa = PBXNativeTarget;
			buildConfigurationList = 88592D7921D924A800FA40DF /* Build configuration list for PBXNativeTarget "PostsTests" */;
			buildPhases = (
				88592D5E21D924A800FA40DF /* Sources */,
				88592D5F21D924A800FA40DF /* Frameworks */,
				88592D6021D924A800FA40DF /* Resources */,
			);
			buildRules = (
			);
			dependencies = (
				88592D6421D924A800FA40DF /* PBXTargetDependency */,
			);
			name = PostsTests;
			productName = PostsTests;
			productReference = 88592D6221D924A800FA40DF /* PostsTests.xctest */;
			productType = "com.apple.product-type.bundle.unit-test";
		};
		88592D6C21D924A800FA40DF /* PostsUITests */ = {
			isa = PBXNativeTarget;
			buildConfigurationList = 88592D7C21D924A800FA40DF /* Build configuration list for PBXNativeTarget "PostsUITests" */;
			buildPhases = (
				88592D6921D924A800FA40DF /* Sources */,
				88592D6A21D924A800FA40DF /* Frameworks */,
				88592D6B21D924A800FA40DF /* Resources */,
			);
			buildRules = (
			);
			dependencies = (
				88592D6F21D924A800FA40DF /* PBXTargetDependency */,
			);
			name = PostsUITests;
			productName = PostsUITests;
			productReference = 88592D6D21D924A800FA40DF /* PostsUITests.xctest */;
			productType = "com.apple.product-type.bundle.ui-testing";
		};
/* End PBXNativeTarget section */

/* Begin PBXProject section */
		88592D4621D924A800FA40DF /* Project object */ = {
			isa = PBXProject;
			attributes = {
				LastSwiftUpdateCheck = 1010;
				LastUpgradeCheck = 1010;
				ORGANIZATIONNAME = "Samson Lopez";
				TargetAttributes = {
					88592D4D21D924A800FA40DF = {
						CreatedOnToolsVersion = 10.1;
					};
					88592D6121D924A800FA40DF = {
						CreatedOnToolsVersion = 10.1;
						TestTargetID = 88592D4D21D924A800FA40DF;
					};
					88592D6C21D924A800FA40DF = {
						CreatedOnToolsVersion = 10.1;
						TestTargetID = 88592D4D21D924A800FA40DF;
					};
				};
			};
			buildConfigurationList = 88592D4921D924A800FA40DF /* Build configuration list for PBXProject "Posts" */;
			compatibilityVersion = "Xcode 9.3";
			developmentRegion = en;
			hasScannedForEncodings = 0;
			knownRegions = (
				en,
				Base,
			);
			mainGroup = 88592D4521D924A800FA40DF;
			productRefGroup = 88592D4F21D924A800FA40DF /* Products */;
			projectDirPath = "";
			projectRoot = "";
			targets = (
				88592D4D21D924A800FA40DF /* Posts */,
				88592D6121D924A800FA40DF /* PostsTests */,
				88592D6C21D924A800FA40DF /* PostsUITests */,
			);
		};
/* End PBXProject section */

/* Begin PBXResourcesBuildPhase section */
		88592D4C21D924A800FA40DF /* Resources */ = {
			isa = PBXResourcesBuildPhase;
			buildActionMask = 2147483647;
			files = (
				88592D5C21D924A800FA40DF /* LaunchScreen.storyboard in Resources */,
				88592D5921D924A800FA40DF /* Assets.xcassets in Resources */,
				88592D5721D924A800FA40DF /* Main.storyboard in Resources */,
			);
			runOnlyForDeploymentPostprocessing = 0;
		};
		88592D6021D924A800FA40DF /* Resources */ = {
			isa = PBXResourcesBuildPhase;
			buildActionMask = 2147483647;
			files = (
			);
			runOnlyForDeploymentPostprocessing = 0;
		};
		88592D6B21D924A800FA40DF /* Resources */ = {
			isa = PBXResourcesBuildPhase;
			buildActionMask = 2147483647;
			files = (
			);
			runOnlyForDeploymentPostprocessing = 0;
		};
/* End PBXResourcesBuildPhase section */

/* Begin PBXSourcesBuildPhase section */
		88592D4A21D924A800FA40DF /* Sources */ = {
			isa = PBXSourcesBuildPhase;
			buildActionMask = 2147483647;
			files = (
				88592D5421D924A800FA40DF /* ViewController.swift in Sources */,
				88592D5221D924A800FA40DF /* AppDelegate.swift in Sources */,
			);
			runOnlyForDeploymentPostprocessing = 0;
		};
		88592D5E21D924A800FA40DF /* Sources */ = {
			isa = PBXSourcesBuildPhase;
			buildActionMask = 2147483647;
			files = (
				88592D6721D924A800FA40DF /* PostsTests.swift in Sources */,
			);
			runOnlyForDeploymentPostprocessing = 0;
		};
		88592D6921D924A800FA40DF /* Sources */ = {
			isa = PBXSourcesBuildPhase;
			buildActionMask = 2147483647;
			files = (
				88592D7221D924A800FA40DF /* PostsUITests.swift in Sources */,
			);
			runOnlyForDeploymentPostprocessing = 0;
		};
/* End PBXSourcesBuildPhase section */

/* Begin PBXTargetDependency section */
		88592D6421D924A800FA40DF /* PBXTargetDependency */ = {
			isa = PBXTargetDependency;
			target = 88592D4D21D924A800FA40DF /* Posts */;
			targetProxy = 88592D6321D924A800FA40DF /* PBXContainerItemProxy */;
		};
		88592D6F21D924A800FA40DF /* PBXTargetDependency */ = {
			isa = PBXTargetDependency;
			target = 88592D4D21D924A800FA40DF /* Posts */;
			targetProxy = 88592D6E21D924A800FA40DF /* PBXContainerItemProxy */;
		};
/* End PBXTargetDependency section */

/* Begin PBXVariantGroup section */
		88592D5521D924A800FA40DF /* Main.storyboard */ = {
			isa = PBXVariantGroup;
			children = (
				88592D5621D924A800FA40DF /* Base */,
			);
			name = Main.storyboard;
			sourceTree = "<group>";
		};
		88592D5A21D924A800FA40DF /* LaunchScreen.storyboard */ = {
			isa = PBXVariantGroup;
			children = (
				88592D5B21D924A800FA40DF /* Base */,
			);
			name = LaunchScreen.storyboard;
			sourceTree = "<group>";
		};
/* End PBXVariantGroup section */

/* Begin XCBuildConfiguration section */
		88592D7421D924A800FA40DF /* Debug */ = {
			isa = XCBuildConfiguration;
			buildSettings = {
				ALWAYS_SEARCH_USER_PATHS = NO;
				CLANG_ANALYZER_NONNULL = YES;
				CLANG_ANALYZER_NUMBER_OBJECT_CONVERSION = YES_AGGRESSIVE;
				CLANG_CXX_LANGUAGE_STANDARD = "gnu++14";
				CLANG_CXX_LIBRARY = "libc++";
				CLANG_ENABLE_MODULES = YES;
				CLANG_ENABLE_OBJC_ARC = YES;
				CLANG_ENABLE_OBJC_WEAK = YES;
				CLANG_WARN_BLOCK_CAPTURE_AUTORELEASING = YES;
				CLANG_WARN_BOOL_CONVERSION = YES;
				CLANG_WARN_COMMA = YES;
				CLANG_WARN_CONSTANT_CONVERSION = YES;
				CLANG_WARN_DEPRECATED_OBJC_IMPLEMENTATIONS = YES;
				CLANG_WARN_DIRECT_OBJC_ISA_USAGE = YES_ERROR;
				CLANG_WARN_DOCUMENTATION_COMMENTS = YES;
				CLANG_WARN_EMPTY_BODY = YES;
				CLANG_WARN_ENUM_CONVERSION = YES;
				CLANG_WARN_INFINITE_RECURSION = YES;
				CLANG_WARN_INT_CONVERSION = YES;
				CLANG_WARN_NON_LITERAL_NULL_CONVERSION = YES;
				CLANG_WARN_OBJC_IMPLICIT_RETAIN_SELF = YES;
				CLANG_WARN_OBJC_LITERAL_CONVERSION = YES;
				CLANG_WARN_OBJC_ROOT_CLASS = YES_ERROR;
				CLANG_WARN_RANGE_LOOP_ANALYSIS = YES;
				CLANG_WARN_STRICT_PROTOTYPES = YES;
				CLANG_WARN_SUSPICIOUS_MOVE = YES;
				CLANG_WARN_UNGUARDED_AVAILABILITY = YES_AGGRESSIVE;
				CLANG_WARN_UNREACHABLE_CODE = YES;
				CLANG_WARN__DUPLICATE_METHOD_MATCH = YES;
				CODE_SIGN_IDENTITY = "iPhone Developer";
				COPY_PHASE_STRIP = NO;
				DEBUG_INFORMATION_FORMAT = dwarf;
				ENABLE_STRICT_OBJC_MSGSEND = YES;
				ENABLE_TESTABILITY = YES;
				GCC_C_LANGUAGE_STANDARD = gnu11;
				GCC_DYNAMIC_NO_PIC = NO;
				GCC_NO_COMMON_BLOCKS = YES;
				GCC_OPTIMIZATION_LEVEL = 0;
				GCC_PREPROCESSOR_DEFINITIONS = (
					"DEBUG=1",
					"$(inherited)",
				);
				GCC_WARN_64_TO_32_BIT_CONVERSION = YES;
				GCC_WARN_ABOUT_RETURN_TYPE = YES_ERROR;
				GCC_WARN_UNDECLARED_SELECTOR = YES;
				GCC_WARN_UNINITIALIZED_AUTOS = YES_AGGRESSIVE;
				GCC_WARN_UNUSED_FUNCTION = YES;
				GCC_WARN_UNUSED_VARIABLE = YES;
				IPHONEOS_DEPLOYMENT_TARGET = 12.1;
				MTL_ENABLE_DEBUG_INFO = INCLUDE_SOURCE;
				MTL_FAST_MATH = YES;
				ONLY_ACTIVE_ARCH = YES;
				SDKROOT = iphoneos;
				SWIFT_ACTIVE_COMPILATION_CONDITIONS = DEBUG;
				SWIFT_OPTIMIZATION_LEVEL = "-Onone";
			};
			name = Debug;
		};
		88592D7521D924A800FA40DF /* Release */ = {
			isa = XCBuildConfiguration;
			buildSettings = {
				ALWAYS_SEARCH_USER_PATHS = NO;
				CLANG_ANALYZER_NONNULL = YES;
				CLANG_ANALYZER_NUMBER_OBJECT_CONVERSION = YES_AGGRESSIVE;
				CLANG_CXX_LANGUAGE_STANDARD = "gnu++14";
				CLANG_CXX_LIBRARY = "libc++";
				CLANG_ENABLE_MODULES = YES;
				CLANG_ENABLE_OBJC_ARC = YES;
				CLANG_ENABLE_OBJC_WEAK = YES;
				CLANG_WARN_BLOCK_CAPTURE_AUTORELEASING = YES;
				CLANG_WARN_BOOL_CONVERSION = YES;
				CLANG_WARN_COMMA = YES;
				CLANG_WARN_CONSTANT_CONVERSION = YES;
				CLANG_WARN_DEPRECATED_OBJC_IMPLEMENTATIONS = YES;
				CLANG_WARN_DIRECT_OBJC_ISA_USAGE = YES_ERROR;
				CLANG_WARN_DOCUMENTATION_COMMENTS = YES;
				CLANG_WARN_EMPTY_BODY = YES;
				CLANG_WARN_ENUM_CONVERSION = YES;
				CLANG_WARN_INFINITE_RECURSION = YES;
				CLANG_WARN_INT_CONVERSION = YES;
				CLANG_WARN_NON_LITERAL_NULL_CONVERSION = YES;
				CLANG_WARN_OBJC_IMPLICIT_RETAIN_SELF = YES;
				CLANG_WARN_OBJC_LITERAL_CONVERSION = YES;
				CLANG_WARN_OBJC_ROOT_CLASS = YES_ERROR;
				CLANG_WARN_RANGE_LOOP_ANALYSIS = YES;
				CLANG_WARN_STRICT_PROTOTYPES = YES;
				CLANG_WARN_SUSPICIOUS_MOVE = YES;
				CLANG_WARN_UNGUARDED_AVAILABILITY = YES_AGGRESSIVE;
				CLANG_WARN_UNREACHABLE_CODE = YES;
				CLANG_WARN__DUPLICATE_METHOD_MATCH = YES;
				CODE_SIGN_IDENTITY = "iPhone Developer";
				COPY_PHASE_STRIP = NO;
				DEBUG_INFORMATION_FORMAT = "dwarf-with-dsym";
				ENABLE_NS_ASSERTIONS = NO;
				ENABLE_STRICT_OBJC_MSGSEND = YES;
				GCC_C_LANGUAGE_STANDARD = gnu11;
				GCC_NO_COMMON_BLOCKS = YES;
				GCC_WARN_64_TO_32_BIT_CONVERSION = YES;
				GCC_WARN_ABOUT_RETURN_TYPE = YES_ERROR;
				GCC_WARN_UNDECLARED_SELECTOR = YES;
				GCC_WARN_UNINITIALIZED_AUTOS = YES_AGGRESSIVE;
				GCC_WARN_UNUSED_FUNCTION = YES;
				GCC_WARN_UNUSED_VARIABLE = YES;
				IPHONEOS_DEPLOYMENT_TARGET = 12.1;
				MTL_ENABLE_DEBUG_INFO = NO;
				MTL_FAST_MATH = YES;
				SDKROOT = iphoneos;
				SWIFT_COMPILATION_MODE = wholemodule;
				SWIFT_OPTIMIZATION_LEVEL = "-O";
				VALIDATE_PRODUCT = YES;
			};
			name = Release;
		};
		88592D7721D924A800FA40DF /* Debug */ = {
			isa = XCBuildConfiguration;
			buildSettings = {
				ASSETCATALOG_COMPILER_APPICON_NAME = AppIcon;
				CODE_SIGN_STYLE = Automatic;
				INFOPLIST_FILE = Posts/Info.plist;
				LD_RUNPATH_SEARCH_PATHS = (
					"$(inherited)",
					"@executable_path/Frameworks",
				);
				PRODUCT_BUNDLE_IDENTIFIER = com.samsonlopez.Posts;
				PRODUCT_NAME = "$(TARGET_NAME)";
				SWIFT_VERSION = 4.2;
				TARGETED_DEVICE_FAMILY = "1,2";
			};
			name = Debug;
		};
		88592D7821D924A800FA40DF /* Release */ = {
			isa = XCBuildConfiguration;
			buildSettings = {
				ASSETCATALOG_COMPILER_APPICON_NAME = AppIcon;
				CODE_SIGN_STYLE = Automatic;
				INFOPLIST_FILE = Posts/Info.plist;
				LD_RUNPATH_SEARCH_PATHS = (
					"$(inherited)",
					"@executable_path/Frameworks",
				);
				PRODUCT_BUNDLE_IDENTIFIER = com.samsonlopez.Posts;
				PRODUCT_NAME = "$(TARGET_NAME)";
				SWIFT_VERSION = 4.2;
				TARGETED_DEVICE_FAMILY = "1,2";
			};
			name = Release;
		};
		88592D7A21D924A800FA40DF /* Debug */ = {
			isa = XCBuildConfiguration;
			buildSettings = {
				ALWAYS_EMBED_SWIFT_STANDARD_LIBRARIES = YES;
				BUNDLE_LOADER = "$(TEST_HOST)";
				CODE_SIGN_STYLE = Automatic;
				INFOPLIST_FILE = PostsTests/Info.plist;
				LD_RUNPATH_SEARCH_PATHS = (
					"$(inherited)",
					"@executable_path/Frameworks",
					"@loader_path/Frameworks",
				);
				PRODUCT_BUNDLE_IDENTIFIER = com.samsonlopez.PostsTests;
				PRODUCT_NAME = "$(TARGET_NAME)";
				SWIFT_VERSION = 4.2;
				TARGETED_DEVICE_FAMILY = "1,2";
				TEST_HOST = "$(BUILT_PRODUCTS_DIR)/Posts.app/Posts";
			};
			name = Debug;
		};
		88592D7B21D924A800FA40DF /* Release */ = {
			isa = XCBuildConfiguration;
			buildSettings = {
				ALWAYS_EMBED_SWIFT_STANDARD_LIBRARIES = YES;
				BUNDLE_LOADER = "$(TEST_HOST)";
				CODE_SIGN_STYLE = Automatic;
				INFOPLIST_FILE = PostsTests/Info.plist;
				LD_RUNPATH_SEARCH_PATHS = (
					"$(inherited)",
					"@executable_path/Frameworks",
					"@loader_path/Frameworks",
				);
				PRODUCT_BUNDLE_IDENTIFIER = com.samsonlopez.PostsTests;
				PRODUCT_NAME = "$(TARGET_NAME)";
				SWIFT_VERSION = 4.2;
				TARGETED_DEVICE_FAMILY = "1,2";
				TEST_HOST = "$(BUILT_PRODUCTS_DIR)/Posts.app/Posts";
			};
			name = Release;
		};
		88592D7D21D924A800FA40DF /* Debug */ = {
			isa = XCBuildConfiguration;
			buildSettings = {
				ALWAYS_EMBED_SWIFT_STANDARD_LIBRARIES = YES;
				CODE_SIGN_STYLE = Automatic;
				INFOPLIST_FILE = PostsUITests/Info.plist;
				LD_RUNPATH_SEARCH_PATHS = (
					"$(inherited)",
					"@executable_path/Frameworks",
					"@loader_path/Frameworks",
				);
				PRODUCT_BUNDLE_IDENTIFIER = com.samsonlopez.PostsUITests;
				PRODUCT_NAME = "$(TARGET_NAME)";
				SWIFT_VERSION = 4.2;
				TARGETED_DEVICE_FAMILY = "1,2";
				TEST_TARGET_NAME = Posts;
			};
			name = Debug;
		};
		88592D7E21D924A800FA40DF /* Release */ = {
			isa = XCBuildConfiguration;
			buildSettings = {
				ALWAYS_EMBED_SWIFT_STANDARD_LIBRARIES = YES;
				CODE_SIGN_STYLE = Automatic;
				INFOPLIST_FILE = PostsUITests/Info.plist;
				LD_RUNPATH_SEARCH_PATHS = (
					"$(inherited)",
					"@executable_path/Frameworks",
					"@loader_path/Frameworks",
				);
				PRODUCT_BUNDLE_IDENTIFIER = com.samsonlopez.PostsUITests;
				PRODUCT_NAME = "$(TARGET_NAME)";
				SWIFT_VERSION = 4.2;
				TARGETED_DEVICE_FAMILY = "1,2";
				TEST_TARGET_NAME = Posts;
			};
			name = Release;
		};
/* End XCBuildConfiguration section */

/* Begin XCConfigurationList section */
		88592D4921D924A800FA40DF /* Build configuration list for PBXProject "Posts" */ = {
			isa = XCConfigurationList;
			buildConfigurations = (
				88592D7421D924A800FA40DF /* Debug */,
				88592D7521D924A800FA40DF /* Release */,
			);
			defaultConfigurationIsVisible = 0;
			defaultConfigurationName = Release;
		};
		88592D7621D924A800FA40DF /* Build configuration list for PBXNativeTarget "Posts" */ = {
			isa = XCConfigurationList;
			buildConfigurations = (
				88592D7721D924A800FA40DF /* Debug */,
				88592D7821D924A800FA40DF /* Release */,
			);
			defaultConfigurationIsVisible = 0;
			defaultConfigurationName = Release;
		};
		88592D7921D924A800FA40DF /* Build configuration list for PBXNativeTarget "PostsTests" */ = {
			isa = XCConfigurationList;
			buildConfigurations = (
				88592D7A21D924A800FA40DF /* Debug */,
				88592D7B21D924A800FA40DF /* Release */,
			);
			defaultConfigurationIsVisible = 0;
			defaultConfigurationName = Release;
		};
		88592D7C21D924A800FA40DF /* Build configuration list for PBXNativeTarget "PostsUITests" */ = {
			isa = XCConfigurationList;
			buildConfigurations = (
				88592D7D21D924A800FA40DF /* Debug */,
				88592D7E21D924A800FA40DF /* Release */,
			);
			defaultConfigurationIsVisible = 0;
			defaultConfigurationName = Release;
		};
/* End XCConfigurationList section */
	};
	rootObject = 88592D4621D924A800FA40DF /* Project object */;
}
